
Microsoft Visual Studio Solution File, Format Version 11.00
# Visual Studio 2010
Project("{8BC9CEB8-8B4A-11D0-8D11-00A0C91BC942}") = "updateexe", "updateexe\updateexe.vcxproj", "{B3C8A2EC-ABE9-4F6D-98AB-617B95F0292C}"
EndProject
Project("{8BC9CEB8-8B4A-11D0-8D11-00A0C91BC942}") = "updatedll", "updatedll\updatedll.vcxproj", "{14E02DAE-6187-4C36-ABBC-294A6745C73B}"
EndProject
Global
	GlobalSection(SolutionConfigurationPlatforms) = preSolution
		Debug|Win32 = Debug|Win32
		Release|Win32 = Release|Win32
	EndGlobalSection
	GlobalSection(ProjectConfigurationPlatforms) = postSolution
		{B3C8A2EC-ABE9-4F6D-98AB-617B95F0292C}.Debug|Win32.ActiveCfg = Debug|Win32
		{B3C8A2EC-ABE9-4F6D-98AB-617B95F0292C}.Debug|Win32.Build.0 = Debug|Win32
		{B3C8A2EC-ABE9-4F6D-98AB-617B95F0292C}.Release|Win32.ActiveCfg = Release|Win32
		{B3C8A2EC-ABE9-4F6D-98AB-617B95F0292C}.Release|Win32.Build.0 = Release|Win32
		{14E02DAE-6187-4C36-ABBC-294A6745C73B}.Debug|Win32.ActiveCfg = Debug|Win32
		{14E02DAE-6187-4C36-ABBC-294A6745C73B}.Debug|Win32.Build.0 = Debug|Win32
		{14E02DAE-6187-4C36-ABBC-294A6745C73B}.Release|Win32.ActiveCfg = Release|Win32
		{14E02DAE-6187-4C36-ABBC-294A6745C73B}.Release|Win32.Build.0 = Release|Win32
	EndGlobalSection
	GlobalSection(SolutionProperties) = preSolution
		HideSolutionNode = FALSE
	EndGlobalSection
EndGlobal
